
Microsoft Visual Studio Solution File, Format Version 12.00
# Visual Studio Version 16
VisualStudioVersion = 16.0.29905.134
MinimumVisualStudioVersion = 10.0.40219.1
Project("{FAE04EC0-301F-11D3-BF4B-00C04F79EFBC}") = "WebSocterServer", "WebSocterServer\WebSocterServer.csproj", "{B3788195-BEC8-4CBE-A85D-822299CC2DBF}"
EndProject
Global
	GlobalSection(SolutionConfigurationPlatforms) = preSolution
		Debug|Any CPU = Debug|Any CPU
		Release|Any CPU = Release|Any CPU
	EndGlobalSection
	GlobalSection(ProjectConfigurationPlatforms) = postSolution
		{B3788195-BEC8-4CBE-A85D-822299CC2DBF}.Debug|Any CPU.ActiveCfg = Debug|Any CPU
		{B3788195-BEC8-4CBE-A85D-822299CC2DBF}.Debug|Any CPU.Build.0 = Debug|Any CPU
		{B3788195-BEC8-4CBE-A85D-822299CC2DBF}.Release|Any CPU.ActiveCfg = Release|Any CPU
		{B3788195-BEC8-4CBE-A85D-822299CC2DBF}.Release|Any CPU.Build.0 = Release|Any CPU
	EndGlobalSection
	GlobalSection(SolutionProperties) = preSolution
		HideSolutionNode = FALSE
	EndGlobalSection
	GlobalSection(ExtensibilityGlobals) = postSolution
		SolutionGuid = {4D9989B8-E760-45E9-AF2C-833A2B8850AF}
	EndGlobalSection
EndGlobal
